
Microsoft Visual Studio Solution File, Format Version 12.00
# Visual Studio Version 17
VisualStudioVersion = 17.7.34221.43
MinimumVisualStudioVersion = 10.0.40219.1
Project("{FAE04EC0-301F-11D3-BF4B-00C04F79EFBC}") = "CoursesHomework2", "CoursesHomework2\CoursesHomework2.csproj", "{29CB706E-5942-494C-84A8-492485C19881}"
EndProject
Global
	GlobalSection(SolutionConfigurationPlatforms) = preSolution
		Debug|Any CPU = Debug|Any CPU
		Release|Any CPU = Release|Any CPU
	EndGlobalSection
	GlobalSection(ProjectConfigurationPlatforms) = postSolution
		{29CB706E-5942-494C-84A8-492485C19881}.Debug|Any CPU.ActiveCfg = Debug|Any CPU
		{29CB706E-5942-494C-84A8-492485C19881}.Debug|Any CPU.Build.0 = Debug|Any CPU
		{29CB706E-5942-494C-84A8-492485C19881}.Release|Any CPU.ActiveCfg = Release|Any CPU
		{29CB706E-5942-494C-84A8-492485C19881}.Release|Any CPU.Build.0 = Release|Any CPU
	EndGlobalSection
	GlobalSection(SolutionProperties) = preSolution
		HideSolutionNode = FALSE
	EndGlobalSection
	GlobalSection(ExtensibilityGlobals) = postSolution
		SolutionGuid = {304AC958-5959-4A3E-9DD2-46915C254494}
	EndGlobalSection
EndGlobal
